
Microsoft Visual Studio Solution File, Format Version 12.00
# Visual Studio 15
VisualStudioVersion = 15.0.28307.902
MinimumVisualStudioVersion = 10.0.40219.1
Project("{FAE04EC0-301F-11D3-BF4B-00C04F79EFBC}") = "RegexTest", "RegexTest\RegexTest.csproj", "{205A585A-0CFE-4FFB-BD6A-4844851F32D6}"
EndProject
Global
	GlobalSection(SolutionConfigurationPlatforms) = preSolution
		Debug|Any CPU = Debug|Any CPU
		Release|Any CPU = Release|Any CPU
	EndGlobalSection
	GlobalSection(ProjectConfigurationPlatforms) = postSolution
		{205A585A-0CFE-4FFB-BD6A-4844851F32D6}.Debug|Any CPU.ActiveCfg = Debug|Any CPU
		{205A585A-0CFE-4FFB-BD6A-4844851F32D6}.Debug|Any CPU.Build.0 = Debug|Any CPU
		{205A585A-0CFE-4FFB-BD6A-4844851F32D6}.Release|Any CPU.ActiveCfg = Release|Any CPU
		{205A585A-0CFE-4FFB-BD6A-4844851F32D6}.Release|Any CPU.Build.0 = Release|Any CPU
	EndGlobalSection
	GlobalSection(SolutionProperties) = preSolution
		HideSolutionNode = FALSE
	EndGlobalSection
	GlobalSection(ExtensibilityGlobals) = postSolution
		SolutionGuid = {E6A5B1F9-843A-46CD-82D3-92EF6BB2BF15}
	EndGlobalSection
EndGlobal
